Microsoft Visual Studio Solution File, Format Version 11.00
# Visual Studio 2008

Project("{704CD8F8-E232-9D6C-DD70-9606E656A970}") = "ms_prg", "Assembly-CSharp-vs.csproj", "{541BD3EA-0122-1746-49E3-B5D5C66ED31E}"
EndProject
Global
	GlobalSection(SolutionConfigurationPlatforms) = preSolution
		Debug|Any CPU = Debug|Any CPU
		Release|Any CPU = Release|Any CPU
	EndGlobalSection
	GlobalSection(ProjectConfigurationPlatforms) = postSolution
		{541BD3EA-0122-1746-49E3-B5D5C66ED31E}.Debug|Any CPU.ActiveCfg = Debug|Any CPU
		{541BD3EA-0122-1746-49E3-B5D5C66ED31E}.Debug|Any CPU.Build.0 = Debug|Any CPU
		{541BD3EA-0122-1746-49E3-B5D5C66ED31E}.Release|Any CPU.ActiveCfg = Release|Any CPU
		{541BD3EA-0122-1746-49E3-B5D5C66ED31E}.Release|Any CPU.Build.0 = Release|Any CPU
	EndGlobalSection
	GlobalSection(SolutionProperties) = preSolution
		HideSolutionNode = FALSE
	EndGlobalSection
																																																												GlobalSection(MonoDevelopProperties) = preSolution
		StartupItem = Assembly-CSharp.csproj
		Policies = $0
		$0.TextStylePolicy = $1
		$1.inheritsSet = null
		$1.scope = text/x-csharp
		$0.CSharpFormattingPolicy = $2
		$2.inheritsSet = Mono
		$2.inheritsScope = text/x-csharp
		$2.scope = text/x-csharp
		$0.TextStylePolicy = $3
		$3.FileWidth = 120
		$3.TabWidth = 4
		$3.EolMarker = Unix
		$3.inheritsSet = Mono
		$3.inheritsScope = text/plain
		$3.scope = text/plain
	EndGlobalSection

EndGlobal
