Microsoft Visual Studio Solution File, Format Version 11.00
# Visual Studio 2008

Project("{9D66DB46-752C-325E-1749-4768BDA0A13E}") = "RoM", "Assembly-CSharp.csproj", "{FFC82B51-7BF0-0508-BA88-F21303D04D15}"
EndProject
Project("{9D66DB46-752C-325E-1749-4768BDA0A13E}") = "RoM", "Assembly-UnityScript.unityproj", "{7A9D4545-4985-F24F-ED92-C7545057DD09}"
EndProject
Project("{9D66DB46-752C-325E-1749-4768BDA0A13E}") = "RoM", "Assembly-UnityScript-Editor.unityproj", "{3ED6C223-920F-CA84-C1EF-8EC9A666B8AD}"
EndProject
Global
	GlobalSection(SolutionConfigurationPlatforms) = preSolution
		Debug|Any CPU = Debug|Any CPU
		Release|Any CPU = Release|Any CPU
	EndGlobalSection
	GlobalSection(ProjectConfigurationPlatforms) = postSolution
		{FFC82B51-7BF0-0508-BA88-F21303D04D15}.Debug|Any CPU.ActiveCfg = Debug|Any CPU
		{FFC82B51-7BF0-0508-BA88-F21303D04D15}.Debug|Any CPU.Build.0 = Debug|Any CPU
		{FFC82B51-7BF0-0508-BA88-F21303D04D15}.Release|Any CPU.ActiveCfg = Release|Any CPU
		{FFC82B51-7BF0-0508-BA88-F21303D04D15}.Release|Any CPU.Build.0 = Release|Any CPU
		{7A9D4545-4985-F24F-ED92-C7545057DD09}.Debug|Any CPU.ActiveCfg = Debug|Any CPU
		{7A9D4545-4985-F24F-ED92-C7545057DD09}.Debug|Any CPU.Build.0 = Debug|Any CPU
		{7A9D4545-4985-F24F-ED92-C7545057DD09}.Release|Any CPU.ActiveCfg = Release|Any CPU
		{7A9D4545-4985-F24F-ED92-C7545057DD09}.Release|Any CPU.Build.0 = Release|Any CPU
		{3ED6C223-920F-CA84-C1EF-8EC9A666B8AD}.Debug|Any CPU.ActiveCfg = Debug|Any CPU
		{3ED6C223-920F-CA84-C1EF-8EC9A666B8AD}.Debug|Any CPU.Build.0 = Debug|Any CPU
		{3ED6C223-920F-CA84-C1EF-8EC9A666B8AD}.Release|Any CPU.ActiveCfg = Release|Any CPU
		{3ED6C223-920F-CA84-C1EF-8EC9A666B8AD}.Release|Any CPU.Build.0 = Release|Any CPU
	EndGlobalSection
	GlobalSection(SolutionProperties) = preSolution
		HideSolutionNode = FALSE
	EndGlobalSection
			GlobalSection(MonoDevelopProperties) = preSolution
		StartupItem = Assembly-CSharp.csproj
		Policies = $0
		$0.TextStylePolicy = $1
		$1.inheritsSet = null
		$1.scope = text/x-csharp
		$0.CSharpFormattingPolicy = $2
		$2.inheritsSet = Mono
		$2.inheritsScope = text/x-csharp
		$2.scope = text/x-csharp
		$0.TextStylePolicy = $3
		$3.FileWidth = 120
		$3.TabWidth = 4
		$3.EolMarker = Unix
		$3.inheritsSet = Mono
		$3.inheritsScope = text/plain
		$3.scope = text/plain
	EndGlobalSection

EndGlobal
